
Microsoft Visual Studio Solution File, Format Version 12.00
# Visual Studio Version 17
VisualStudioVersion = 17.9.34723.18
MinimumVisualStudioVersion = 10.0.40219.1
Project("{9A19103F-16F7-4668-BE54-9A1E7A4F7556}") = "BulkyBook.DataAccess", "..\Lesnoj84\WPF_C-Tutorials\Bulky.DataAccess\BulkyBook.DataAccess.csproj", "{443075D1-626D-4FAA-86EB-D660C304D7ED}"
EndProject
Global
	GlobalSection(SolutionConfigurationPlatforms) = preSolution
		Debug|Any CPU = Debug|Any CPU
		Release|Any CPU = Release|Any CPU
	EndGlobalSection
	GlobalSection(ProjectConfigurationPlatforms) = postSolution
		{443075D1-626D-4FAA-86EB-D660C304D7ED}.Debug|Any CPU.ActiveCfg = Debug|Any CPU
		{443075D1-626D-4FAA-86EB-D660C304D7ED}.Debug|Any CPU.Build.0 = Debug|Any CPU
		{443075D1-626D-4FAA-86EB-D660C304D7ED}.Release|Any CPU.ActiveCfg = Release|Any CPU
		{443075D1-626D-4FAA-86EB-D660C304D7ED}.Release|Any CPU.Build.0 = Release|Any CPU
	EndGlobalSection
	GlobalSection(SolutionProperties) = preSolution
		HideSolutionNode = FALSE
	EndGlobalSection
	GlobalSection(ExtensibilityGlobals) = postSolution
		SolutionGuid = {F5220263-1533-48AB-9440-3157E490BDE4}
	EndGlobalSection
EndGlobal
